// !$*UTF8*$!
{
	archiveVersion = 1;
	classes = {
	};
	objectVersion = 46;
	objects = {

/* Begin PBXBuildFile section */
		873B8A9A1533F651004582DA /* Foundation.framework in Frameworks */ = {isa = PBXBuildFile; fileRef = 873B8A991533F651004582DA /* Foundation.framework */; };
		873B8A9D1533F651004582DA /* main.m in Sources */ = {isa = PBXBuildFile; fileRef = 873B8A9C1533F651004582DA /* main.m */; };
		873B8AA11533F651004582DA /* prog4_6_calculator_class.1 in CopyFiles */ = {isa = PBXBuildFile; fileRef = 873B8AA01533F651004582DA /* prog4_6_calculator_class.1 */; };
/* End PBXBuildFile section */

/* Begin PBXCopyFilesBuildPhase section */
		873B8A931533F651004582DA /* CopyFiles */ = {
			isa = PBXCopyFilesBuildPhase;
			buildActionMask = 2147483647;
			dstPath = /usr/share/man/man1/;
			dstSubfolderSpec = 0;
			files = (
				873B8AA11533F651004582DA /* prog4_6_calculator_class.1 in CopyFiles */,
			);
			runOnlyForDeploymentPostprocessing = 1;
		};
/* End PBXCopyFilesBuildPhase section */

/* Begin PBXFileReference section */
		873B8A951533F651004582DA /* prog4.6 calculator class */ = {isa = PBXFileReference; explicitFileType = "compiled.mach-o.executable"; includeInIndex = 0; path = "prog4.6 calculator class"; sourceTree = BUILT_PRODUCTS_DIR; };
		873B8A991533F651004582DA /* Foundation.framework */ = {isa = PBXFileReference; lastKnownFileType = wrapper.framework; name = Foundation.framework; path = System/Library/Frameworks/Foundation.framework; sourceTree = SDKROOT; };
		873B8A9C1533F651004582DA /* main.m */ = {isa = PBXFileReference; lastKnownFileType = sourcecode.c.objc; path = main.m; sourceTree = "<group>"; };
		873B8A9F1533F651004582DA /* prog4.6 calculator class-Prefix.pch */ = {isa = PBXFileReference; lastKnownFileType = sourcecode.c.h; path = "prog4.6 calculator class-Prefix.pch"; sourceTree = "<group>"; };
		873B8AA01533F651004582DA /* prog4_6_calculator_class.1 */ = {isa = PBXFileReference; lastKnownFileType = text.man; path = prog4_6_calculator_class.1; sourceTree = "<group>"; };
/* End PBXFileReference section */

/* Begin PBXFrameworksBuildPhase section */
		873B8A921533F651004582DA /* Frameworks */ = {
			isa = PBXFrameworksBuildPhase;
			buildActionMask = 2147483647;
			files = (
				873B8A9A1533F651004582DA /* Foundation.framework in Frameworks */,
			);
			runOnlyForDeploymentPostprocessing = 0;
		};
/* End PBXFrameworksBuildPhase section */

/* Begin PBXGroup section */
		873B8A8A1533F650004582DA = {
			isa = PBXGroup;
			children = (
				873B8A9B1533F651004582DA /* prog4.6 calculator class */,
				873B8A981533F651004582DA /* Frameworks */,
				873B8A961533F651004582DA /* Products */,
			);
			sourceTree = "<group>";
		};
		873B8A961533F651004582DA /* Products */ = {
			isa = PBXGroup;
			children = (
				873B8A951533F651004582DA /* prog4.6 calculator class */,
			);
			name = Products;
			sourceTree = "<group>";
		};
		873B8A981533F651004582DA /* Frameworks */ = {
			isa = PBXGroup;
			children = (
				873B8A991533F651004582DA /* Foundation.framework */,
			);
			name = Frameworks;
			sourceTree = "<group>";
		};
		873B8A9B1533F651004582DA /* prog4.6 calculator class */ = {
			isa = PBXGroup;
			children = (
				873B8A9C1533F651004582DA /* main.m */,
				873B8AA01533F651004582DA /* prog4_6_calculator_class.1 */,
				873B8A9E1533F651004582DA /* Supporting Files */,
			);
			path = "prog4.6 calculator class";
			sourceTree = "<group>";
		};
		873B8A9E1533F651004582DA /* Supporting Files */ = {
			isa = PBXGroup;
			children = (
				873B8A9F1533F651004582DA /* prog4.6 calculator class-Prefix.pch */,
			);
			name = "Supporting Files";
			sourceTree = "<group>";
		};
/* End PBXGroup section */

/* Begin PBXNativeTarget section */
		873B8A941533F651004582DA /* prog4.6 calculator class */ = {
			isa = PBXNativeTarget;
			buildConfigurationList = 873B8AA41533F651004582DA /* Build configuration list for PBXNativeTarget "prog4.6 calculator class" */;
			buildPhases = (
				873B8A911533F651004582DA /* Sources */,
				873B8A921533F651004582DA /* Frameworks */,
				873B8A931533F651004582DA /* CopyFiles */,
			);
			buildRules = (
			);
			dependencies = (
			);
			name = "prog4.6 calculator class";
			productName = "prog4.6 calculator class";
			productReference = 873B8A951533F651004582DA /* prog4.6 calculator class */;
			productType = "com.apple.product-type.tool";
		};
/* End PBXNativeTarget section */

/* Begin PBXProject section */
		873B8A8C1533F650004582DA /* Project object */ = {
			isa = PBXProject;
			attributes = {
				LastUpgradeCheck = 0430;
				ORGANIZATIONNAME = "Outright Mental";
			};
			buildConfigurationList = 873B8A8F1533F650004582DA /* Build configuration list for PBXProject "prog4.6 calculator class" */;
			compatibilityVersion = "Xcode 3.2";
			developmentRegion = English;
			hasScannedForEncodings = 0;
			knownRegions = (
				en,
			);
			mainGroup = 873B8A8A1533F650004582DA;
			productRefGroup = 873B8A961533F651004582DA /* Products */;
			projectDirPath = "";
			projectRoot = "";
			targets = (
				873B8A941533F651004582DA /* prog4.6 calculator class */,
			);
		};
/* End PBXProject section */

/* Begin PBXSourcesBuildPhase section */
		873B8A911533F651004582DA /* Sources */ = {
			isa = PBXSourcesBuildPhase;
			buildActionMask = 2147483647;
			files = (
				873B8A9D1533F651004582DA /* main.m in Sources */,
			);
			runOnlyForDeploymentPostprocessing = 0;
		};
/* End PBXSourcesBuildPhase section */

/* Begin XCBuildConfiguration section */
		873B8AA21533F651004582DA /* Debug */ = {
			isa = XCBuildConfiguration;
			buildSettings = {
				ALWAYS_SEARCH_USER_PATHS = NO;
				ARCHS = "$(ARCHS_STANDARD_64_BIT)";
				CLANG_ENABLE_OBJC_ARC = YES;
				COPY_PHASE_STRIP = NO;
				GCC_C_LANGUAGE_STANDARD = gnu99;
				GCC_DYNAMIC_NO_PIC = NO;
				GCC_ENABLE_OBJC_EXCEPTIONS = YES;
				GCC_OPTIMIZATION_LEVEL = 0;
				GCC_PREPROCESSOR_DEFINITIONS = (
					"DEBUG=1",
					"$(inherited)",
				);
				GCC_SYMBOLS_PRIVATE_EXTERN = NO;
				GCC_VERSION = com.apple.compilers.llvm.clang.1_0;
				GCC_WARN_64_TO_32_BIT_CONVERSION = YES;
				GCC_WARN_ABOUT_RETURN_TYPE = YES;
				GCC_WARN_UNINITIALIZED_AUTOS = YES;
				GCC_WARN_UNUSED_VARIABLE = YES;
				MACOSX_DEPLOYMENT_TARGET = 10.7;
				ONLY_ACTIVE_ARCH = YES;
				SDKROOT = macosx;
			};
			name = Debug;
		};
		873B8AA31533F651004582DA /* Release */ = {
			isa = XCBuildConfiguration;
			buildSettings = {
				ALWAYS_SEARCH_USER_PATHS = NO;
				ARCHS = "$(ARCHS_STANDARD_64_BIT)";
				CLANG_ENABLE_OBJC_ARC = YES;
				COPY_PHASE_STRIP = YES;
				DEBUG_INFORMATION_FORMAT = "dwarf-with-dsym";
				GCC_C_LANGUAGE_STANDARD = gnu99;
				GCC_ENABLE_OBJC_EXCEPTIONS = YES;
				GCC_VERSION = com.apple.compilers.llvm.clang.1_0;
				GCC_WARN_64_TO_32_BIT_CONVERSION = YES;
				GCC_WARN_ABOUT_RETURN_TYPE = YES;
				GCC_WARN_UNINITIALIZED_AUTOS = YES;
				GCC_WARN_UNUSED_VARIABLE = YES;
				MACOSX_DEPLOYMENT_TARGET = 10.7;
				SDKROOT = macosx;
			};
			name = Release;
		};
		873B8AA51533F651004582DA /* Debug */ = {
			isa = XCBuildConfiguration;
			buildSettings = {
				GCC_PRECOMPILE_PREFIX_HEADER = YES;
				GCC_PREFIX_HEADER = "prog4.6 calculator class/prog4.6 calculator class-Prefix.pch";
				PRODUCT_NAME = "$(TARGET_NAME)";
			};
			name = Debug;
		};
		873B8AA61533F651004582DA /* Release */ = {
			isa = XCBuildConfiguration;
			buildSettings = {
				GCC_PRECOMPILE_PREFIX_HEADER = YES;
				GCC_PREFIX_HEADER = "prog4.6 calculator class/prog4.6 calculator class-Prefix.pch";
				PRODUCT_NAME = "$(TARGET_NAME)";
			};
			name = Release;
		};
/* End XCBuildConfiguration section */

/* Begin XCConfigurationList section */
		873B8A8F1533F650004582DA /* Build configuration list for PBXProject "prog4.6 calculator class" */ = {
			isa = XCConfigurationList;
			buildConfigurations = (
				873B8AA21533F651004582DA /* Debug */,
				873B8AA31533F651004582DA /* Release */,
			);
			defaultConfigurationIsVisible = 0;
			defaultConfigurationName = Release;
		};
		873B8AA41533F651004582DA /* Build configuration list for PBXNativeTarget "prog4.6 calculator class" */ = {
			isa = XCConfigurationList;
			buildConfigurations = (
				873B8AA51533F651004582DA /* Debug */,
				873B8AA61533F651004582DA /* Release */,
			);
			defaultConfigurationIsVisible = 0;
		};
/* End XCConfigurationList section */
	};
	rootObject = 873B8A8C1533F650004582DA /* Project object */;
}
