// !$*UTF8*$!
{
	archiveVersion = 1;
	classes = {
	};
	objectVersion = 46;
	objects = {

/* Begin PBXBuildFile section */
		8786FC181538091A00399D22 /* Foundation.framework in Frameworks */ = {isa = PBXBuildFile; fileRef = 8786FC171538091A00399D22 /* Foundation.framework */; };
		8786FC1B1538091A00399D22 /* main.m in Sources */ = {isa = PBXBuildFile; fileRef = 8786FC1A1538091A00399D22 /* main.m */; };
		8786FC1F1538091A00399D22 /* prog8_0.1 in CopyFiles */ = {isa = PBXBuildFile; fileRef = 8786FC1E1538091A00399D22 /* prog8_0.1 */; };
		8786FC271538097400399D22 /* ClassA.m in Sources */ = {isa = PBXBuildFile; fileRef = 8786FC261538097400399D22 /* ClassA.m */; };
		8786FC2A15380AA000399D22 /* ClassB.m in Sources */ = {isa = PBXBuildFile; fileRef = 8786FC2915380AA000399D22 /* ClassB.m */; };
/* End PBXBuildFile section */

/* Begin PBXCopyFilesBuildPhase section */
		8786FC111538091A00399D22 /* CopyFiles */ = {
			isa = PBXCopyFilesBuildPhase;
			buildActionMask = 2147483647;
			dstPath = /usr/share/man/man1/;
			dstSubfolderSpec = 0;
			files = (
				8786FC1F1538091A00399D22 /* prog8_0.1 in CopyFiles */,
			);
			runOnlyForDeploymentPostprocessing = 1;
		};
/* End PBXCopyFilesBuildPhase section */

/* Begin PBXFileReference section */
		8786FC131538091A00399D22 /* prog8.0 */ = {isa = PBXFileReference; explicitFileType = "compiled.mach-o.executable"; includeInIndex = 0; path = prog8.0; sourceTree = BUILT_PRODUCTS_DIR; };
		8786FC171538091A00399D22 /* Foundation.framework */ = {isa = PBXFileReference; lastKnownFileType = wrapper.framework; name = Foundation.framework; path = System/Library/Frameworks/Foundation.framework; sourceTree = SDKROOT; };
		8786FC1A1538091A00399D22 /* main.m */ = {isa = PBXFileReference; lastKnownFileType = sourcecode.c.objc; path = main.m; sourceTree = "<group>"; };
		8786FC1D1538091A00399D22 /* prog8.0-Prefix.pch */ = {isa = PBXFileReference; lastKnownFileType = sourcecode.c.h; path = "prog8.0-Prefix.pch"; sourceTree = "<group>"; };
		8786FC1E1538091A00399D22 /* prog8_0.1 */ = {isa = PBXFileReference; lastKnownFileType = text.man; path = prog8_0.1; sourceTree = "<group>"; };
		8786FC251538097400399D22 /* ClassA.h */ = {isa = PBXFileReference; fileEncoding = 4; lastKnownFileType = sourcecode.c.h; path = ClassA.h; sourceTree = "<group>"; };
		8786FC261538097400399D22 /* ClassA.m */ = {isa = PBXFileReference; fileEncoding = 4; lastKnownFileType = sourcecode.c.objc; path = ClassA.m; sourceTree = "<group>"; };
		8786FC2815380AA000399D22 /* ClassB.h */ = {isa = PBXFileReference; fileEncoding = 4; lastKnownFileType = sourcecode.c.h; path = ClassB.h; sourceTree = "<group>"; };
		8786FC2915380AA000399D22 /* ClassB.m */ = {isa = PBXFileReference; fileEncoding = 4; lastKnownFileType = sourcecode.c.objc; path = ClassB.m; sourceTree = "<group>"; };
/* End PBXFileReference section */

/* Begin PBXFrameworksBuildPhase section */
		8786FC101538091A00399D22 /* Frameworks */ = {
			isa = PBXFrameworksBuildPhase;
			buildActionMask = 2147483647;
			files = (
				8786FC181538091A00399D22 /* Foundation.framework in Frameworks */,
			);
			runOnlyForDeploymentPostprocessing = 0;
		};
/* End PBXFrameworksBuildPhase section */

/* Begin PBXGroup section */
		8786FC081538091A00399D22 = {
			isa = PBXGroup;
			children = (
				8786FC191538091A00399D22 /* prog8.0 */,
				8786FC161538091A00399D22 /* Frameworks */,
				8786FC141538091A00399D22 /* Products */,
			);
			sourceTree = "<group>";
		};
		8786FC141538091A00399D22 /* Products */ = {
			isa = PBXGroup;
			children = (
				8786FC131538091A00399D22 /* prog8.0 */,
			);
			name = Products;
			sourceTree = "<group>";
		};
		8786FC161538091A00399D22 /* Frameworks */ = {
			isa = PBXGroup;
			children = (
				8786FC171538091A00399D22 /* Foundation.framework */,
			);
			name = Frameworks;
			sourceTree = "<group>";
		};
		8786FC191538091A00399D22 /* prog8.0 */ = {
			isa = PBXGroup;
			children = (
				8786FC1A1538091A00399D22 /* main.m */,
				8786FC251538097400399D22 /* ClassA.h */,
				8786FC261538097400399D22 /* ClassA.m */,
				8786FC2815380AA000399D22 /* ClassB.h */,
				8786FC2915380AA000399D22 /* ClassB.m */,
				8786FC1E1538091A00399D22 /* prog8_0.1 */,
				8786FC1C1538091A00399D22 /* Supporting Files */,
			);
			path = prog8.0;
			sourceTree = "<group>";
		};
		8786FC1C1538091A00399D22 /* Supporting Files */ = {
			isa = PBXGroup;
			children = (
				8786FC1D1538091A00399D22 /* prog8.0-Prefix.pch */,
			);
			name = "Supporting Files";
			sourceTree = "<group>";
		};
/* End PBXGroup section */

/* Begin PBXNativeTarget section */
		8786FC121538091A00399D22 /* prog8.0 */ = {
			isa = PBXNativeTarget;
			buildConfigurationList = 8786FC221538091A00399D22 /* Build configuration list for PBXNativeTarget "prog8.0" */;
			buildPhases = (
				8786FC0F1538091A00399D22 /* Sources */,
				8786FC101538091A00399D22 /* Frameworks */,
				8786FC111538091A00399D22 /* CopyFiles */,
			);
			buildRules = (
			);
			dependencies = (
			);
			name = prog8.0;
			productName = prog8.0;
			productReference = 8786FC131538091A00399D22 /* prog8.0 */;
			productType = "com.apple.product-type.tool";
		};
/* End PBXNativeTarget section */

/* Begin PBXProject section */
		8786FC0A1538091A00399D22 /* Project object */ = {
			isa = PBXProject;
			attributes = {
				LastUpgradeCheck = 0430;
				ORGANIZATIONNAME = "Outright Mental";
			};
			buildConfigurationList = 8786FC0D1538091A00399D22 /* Build configuration list for PBXProject "prog8.0" */;
			compatibilityVersion = "Xcode 3.2";
			developmentRegion = English;
			hasScannedForEncodings = 0;
			knownRegions = (
				en,
			);
			mainGroup = 8786FC081538091A00399D22;
			productRefGroup = 8786FC141538091A00399D22 /* Products */;
			projectDirPath = "";
			projectRoot = "";
			targets = (
				8786FC121538091A00399D22 /* prog8.0 */,
			);
		};
/* End PBXProject section */

/* Begin PBXSourcesBuildPhase section */
		8786FC0F1538091A00399D22 /* Sources */ = {
			isa = PBXSourcesBuildPhase;
			buildActionMask = 2147483647;
			files = (
				8786FC1B1538091A00399D22 /* main.m in Sources */,
				8786FC271538097400399D22 /* ClassA.m in Sources */,
				8786FC2A15380AA000399D22 /* ClassB.m in Sources */,
			);
			runOnlyForDeploymentPostprocessing = 0;
		};
/* End PBXSourcesBuildPhase section */

/* Begin XCBuildConfiguration section */
		8786FC201538091A00399D22 /* Debug */ = {
			isa = XCBuildConfiguration;
			buildSettings = {
				ALWAYS_SEARCH_USER_PATHS = NO;
				ARCHS = "$(ARCHS_STANDARD_64_BIT)";
				CLANG_ENABLE_OBJC_ARC = YES;
				COPY_PHASE_STRIP = NO;
				GCC_C_LANGUAGE_STANDARD = gnu99;
				GCC_DYNAMIC_NO_PIC = NO;
				GCC_ENABLE_OBJC_EXCEPTIONS = YES;
				GCC_OPTIMIZATION_LEVEL = 0;
				GCC_PREPROCESSOR_DEFINITIONS = (
					"DEBUG=1",
					"$(inherited)",
				);
				GCC_SYMBOLS_PRIVATE_EXTERN = NO;
				GCC_VERSION = com.apple.compilers.llvm.clang.1_0;
				GCC_WARN_64_TO_32_BIT_CONVERSION = YES;
				GCC_WARN_ABOUT_RETURN_TYPE = YES;
				GCC_WARN_UNINITIALIZED_AUTOS = YES;
				GCC_WARN_UNUSED_VARIABLE = YES;
				MACOSX_DEPLOYMENT_TARGET = 10.7;
				ONLY_ACTIVE_ARCH = YES;
				SDKROOT = macosx;
			};
			name = Debug;
		};
		8786FC211538091A00399D22 /* Release */ = {
			isa = XCBuildConfiguration;
			buildSettings = {
				ALWAYS_SEARCH_USER_PATHS = NO;
				ARCHS = "$(ARCHS_STANDARD_64_BIT)";
				CLANG_ENABLE_OBJC_ARC = YES;
				COPY_PHASE_STRIP = YES;
				DEBUG_INFORMATION_FORMAT = "dwarf-with-dsym";
				GCC_C_LANGUAGE_STANDARD = gnu99;
				GCC_ENABLE_OBJC_EXCEPTIONS = YES;
				GCC_VERSION = com.apple.compilers.llvm.clang.1_0;
				GCC_WARN_64_TO_32_BIT_CONVERSION = YES;
				GCC_WARN_ABOUT_RETURN_TYPE = YES;
				GCC_WARN_UNINITIALIZED_AUTOS = YES;
				GCC_WARN_UNUSED_VARIABLE = YES;
				MACOSX_DEPLOYMENT_TARGET = 10.7;
				SDKROOT = macosx;
			};
			name = Release;
		};
		8786FC231538091A00399D22 /* Debug */ = {
			isa = XCBuildConfiguration;
			buildSettings = {
				GCC_PRECOMPILE_PREFIX_HEADER = YES;
				GCC_PREFIX_HEADER = "prog8.0/prog8.0-Prefix.pch";
				PRODUCT_NAME = "$(TARGET_NAME)";
			};
			name = Debug;
		};
		8786FC241538091A00399D22 /* Release */ = {
			isa = XCBuildConfiguration;
			buildSettings = {
				GCC_PRECOMPILE_PREFIX_HEADER = YES;
				GCC_PREFIX_HEADER = "prog8.0/prog8.0-Prefix.pch";
				PRODUCT_NAME = "$(TARGET_NAME)";
			};
			name = Release;
		};
/* End XCBuildConfiguration section */

/* Begin XCConfigurationList section */
		8786FC0D1538091A00399D22 /* Build configuration list for PBXProject "prog8.0" */ = {
			isa = XCConfigurationList;
			buildConfigurations = (
				8786FC201538091A00399D22 /* Debug */,
				8786FC211538091A00399D22 /* Release */,
			);
			defaultConfigurationIsVisible = 0;
			defaultConfigurationName = Release;
		};
		8786FC221538091A00399D22 /* Build configuration list for PBXNativeTarget "prog8.0" */ = {
			isa = XCConfigurationList;
			buildConfigurations = (
				8786FC231538091A00399D22 /* Debug */,
				8786FC241538091A00399D22 /* Release */,
			);
			defaultConfigurationIsVisible = 0;
		};
/* End XCConfigurationList section */
	};
	rootObject = 8786FC0A1538091A00399D22 /* Project object */;
}
