// !$*UTF8*$!
{
	archiveVersion = 1;
	classes = {
	};
	objectVersion = 46;
	objects = {

/* Begin PBXBuildFile section */
		8747F7411535573E001A6622 /* Foundation.framework in Frameworks */ = {isa = PBXBuildFile; fileRef = 8747F7401535573E001A6622 /* Foundation.framework */; };
		8747F7441535573E001A6622 /* main.m in Sources */ = {isa = PBXBuildFile; fileRef = 8747F7431535573E001A6622 /* main.m */; };
		8747F7481535573E001A6622 /* prog6_2_fraction_conversion_to_number.1 in CopyFiles */ = {isa = PBXBuildFile; fileRef = 8747F7471535573E001A6622 /* prog6_2_fraction_conversion_to_number.1 */; };
/* End PBXBuildFile section */

/* Begin PBXCopyFilesBuildPhase section */
		8747F73A1535573E001A6622 /* CopyFiles */ = {
			isa = PBXCopyFilesBuildPhase;
			buildActionMask = 2147483647;
			dstPath = /usr/share/man/man1/;
			dstSubfolderSpec = 0;
			files = (
				8747F7481535573E001A6622 /* prog6_2_fraction_conversion_to_number.1 in CopyFiles */,
			);
			runOnlyForDeploymentPostprocessing = 1;
		};
/* End PBXCopyFilesBuildPhase section */

/* Begin PBXFileReference section */
		8747F73C1535573E001A6622 /* prog6.2 fraction conversion to number */ = {isa = PBXFileReference; explicitFileType = "compiled.mach-o.executable"; includeInIndex = 0; path = "prog6.2 fraction conversion to number"; sourceTree = BUILT_PRODUCTS_DIR; };
		8747F7401535573E001A6622 /* Foundation.framework */ = {isa = PBXFileReference; lastKnownFileType = wrapper.framework; name = Foundation.framework; path = System/Library/Frameworks/Foundation.framework; sourceTree = SDKROOT; };
		8747F7431535573E001A6622 /* main.m */ = {isa = PBXFileReference; lastKnownFileType = sourcecode.c.objc; path = main.m; sourceTree = "<group>"; };
		8747F7461535573E001A6622 /* prog6.2 fraction conversion to number-Prefix.pch */ = {isa = PBXFileReference; lastKnownFileType = sourcecode.c.h; path = "prog6.2 fraction conversion to number-Prefix.pch"; sourceTree = "<group>"; };
		8747F7471535573E001A6622 /* prog6_2_fraction_conversion_to_number.1 */ = {isa = PBXFileReference; lastKnownFileType = text.man; path = prog6_2_fraction_conversion_to_number.1; sourceTree = "<group>"; };
/* End PBXFileReference section */

/* Begin PBXFrameworksBuildPhase section */
		8747F7391535573E001A6622 /* Frameworks */ = {
			isa = PBXFrameworksBuildPhase;
			buildActionMask = 2147483647;
			files = (
				8747F7411535573E001A6622 /* Foundation.framework in Frameworks */,
			);
			runOnlyForDeploymentPostprocessing = 0;
		};
/* End PBXFrameworksBuildPhase section */

/* Begin PBXGroup section */
		8747F7311535573E001A6622 = {
			isa = PBXGroup;
			children = (
				8747F7421535573E001A6622 /* prog6.2 fraction conversion to number */,
				8747F73F1535573E001A6622 /* Frameworks */,
				8747F73D1535573E001A6622 /* Products */,
			);
			sourceTree = "<group>";
		};
		8747F73D1535573E001A6622 /* Products */ = {
			isa = PBXGroup;
			children = (
				8747F73C1535573E001A6622 /* prog6.2 fraction conversion to number */,
			);
			name = Products;
			sourceTree = "<group>";
		};
		8747F73F1535573E001A6622 /* Frameworks */ = {
			isa = PBXGroup;
			children = (
				8747F7401535573E001A6622 /* Foundation.framework */,
			);
			name = Frameworks;
			sourceTree = "<group>";
		};
		8747F7421535573E001A6622 /* prog6.2 fraction conversion to number */ = {
			isa = PBXGroup;
			children = (
				8747F7431535573E001A6622 /* main.m */,
				8747F7471535573E001A6622 /* prog6_2_fraction_conversion_to_number.1 */,
				8747F7451535573E001A6622 /* Supporting Files */,
			);
			path = "prog6.2 fraction conversion to number";
			sourceTree = "<group>";
		};
		8747F7451535573E001A6622 /* Supporting Files */ = {
			isa = PBXGroup;
			children = (
				8747F7461535573E001A6622 /* prog6.2 fraction conversion to number-Prefix.pch */,
			);
			name = "Supporting Files";
			sourceTree = "<group>";
		};
/* End PBXGroup section */

/* Begin PBXNativeTarget section */
		8747F73B1535573E001A6622 /* prog6.2 fraction conversion to number */ = {
			isa = PBXNativeTarget;
			buildConfigurationList = 8747F74B1535573E001A6622 /* Build configuration list for PBXNativeTarget "prog6.2 fraction conversion to number" */;
			buildPhases = (
				8747F7381535573E001A6622 /* Sources */,
				8747F7391535573E001A6622 /* Frameworks */,
				8747F73A1535573E001A6622 /* CopyFiles */,
			);
			buildRules = (
			);
			dependencies = (
			);
			name = "prog6.2 fraction conversion to number";
			productName = "prog6.2 fraction conversion to number";
			productReference = 8747F73C1535573E001A6622 /* prog6.2 fraction conversion to number */;
			productType = "com.apple.product-type.tool";
		};
/* End PBXNativeTarget section */

/* Begin PBXProject section */
		8747F7331535573E001A6622 /* Project object */ = {
			isa = PBXProject;
			attributes = {
				LastUpgradeCheck = 0430;
				ORGANIZATIONNAME = "Outright Mental";
			};
			buildConfigurationList = 8747F7361535573E001A6622 /* Build configuration list for PBXProject "prog6.2 fraction conversion to number" */;
			compatibilityVersion = "Xcode 3.2";
			developmentRegion = English;
			hasScannedForEncodings = 0;
			knownRegions = (
				en,
			);
			mainGroup = 8747F7311535573E001A6622;
			productRefGroup = 8747F73D1535573E001A6622 /* Products */;
			projectDirPath = "";
			projectRoot = "";
			targets = (
				8747F73B1535573E001A6622 /* prog6.2 fraction conversion to number */,
			);
		};
/* End PBXProject section */

/* Begin PBXSourcesBuildPhase section */
		8747F7381535573E001A6622 /* Sources */ = {
			isa = PBXSourcesBuildPhase;
			buildActionMask = 2147483647;
			files = (
				8747F7441535573E001A6622 /* main.m in Sources */,
			);
			runOnlyForDeploymentPostprocessing = 0;
		};
/* End PBXSourcesBuildPhase section */

/* Begin XCBuildConfiguration section */
		8747F7491535573E001A6622 /* Debug */ = {
			isa = XCBuildConfiguration;
			buildSettings = {
				ALWAYS_SEARCH_USER_PATHS = NO;
				ARCHS = "$(ARCHS_STANDARD_64_BIT)";
				CLANG_ENABLE_OBJC_ARC = YES;
				COPY_PHASE_STRIP = NO;
				GCC_C_LANGUAGE_STANDARD = gnu99;
				GCC_DYNAMIC_NO_PIC = NO;
				GCC_ENABLE_OBJC_EXCEPTIONS = YES;
				GCC_OPTIMIZATION_LEVEL = 0;
				GCC_PREPROCESSOR_DEFINITIONS = (
					"DEBUG=1",
					"$(inherited)",
				);
				GCC_SYMBOLS_PRIVATE_EXTERN = NO;
				GCC_VERSION = com.apple.compilers.llvm.clang.1_0;
				GCC_WARN_64_TO_32_BIT_CONVERSION = YES;
				GCC_WARN_ABOUT_RETURN_TYPE = YES;
				GCC_WARN_UNINITIALIZED_AUTOS = YES;
				GCC_WARN_UNUSED_VARIABLE = YES;
				MACOSX_DEPLOYMENT_TARGET = 10.7;
				ONLY_ACTIVE_ARCH = YES;
				SDKROOT = macosx;
			};
			name = Debug;
		};
		8747F74A1535573E001A6622 /* Release */ = {
			isa = XCBuildConfiguration;
			buildSettings = {
				ALWAYS_SEARCH_USER_PATHS = NO;
				ARCHS = "$(ARCHS_STANDARD_64_BIT)";
				CLANG_ENABLE_OBJC_ARC = YES;
				COPY_PHASE_STRIP = YES;
				DEBUG_INFORMATION_FORMAT = "dwarf-with-dsym";
				GCC_C_LANGUAGE_STANDARD = gnu99;
				GCC_ENABLE_OBJC_EXCEPTIONS = YES;
				GCC_VERSION = com.apple.compilers.llvm.clang.1_0;
				GCC_WARN_64_TO_32_BIT_CONVERSION = YES;
				GCC_WARN_ABOUT_RETURN_TYPE = YES;
				GCC_WARN_UNINITIALIZED_AUTOS = YES;
				GCC_WARN_UNUSED_VARIABLE = YES;
				MACOSX_DEPLOYMENT_TARGET = 10.7;
				SDKROOT = macosx;
			};
			name = Release;
		};
		8747F74C1535573E001A6622 /* Debug */ = {
			isa = XCBuildConfiguration;
			buildSettings = {
				GCC_PRECOMPILE_PREFIX_HEADER = YES;
				GCC_PREFIX_HEADER = "prog6.2 fraction conversion to number/prog6.2 fraction conversion to number-Prefix.pch";
				PRODUCT_NAME = "$(TARGET_NAME)";
			};
			name = Debug;
		};
		8747F74D1535573E001A6622 /* Release */ = {
			isa = XCBuildConfiguration;
			buildSettings = {
				GCC_PRECOMPILE_PREFIX_HEADER = YES;
				GCC_PREFIX_HEADER = "prog6.2 fraction conversion to number/prog6.2 fraction conversion to number-Prefix.pch";
				PRODUCT_NAME = "$(TARGET_NAME)";
			};
			name = Release;
		};
/* End XCBuildConfiguration section */

/* Begin XCConfigurationList section */
		8747F7361535573E001A6622 /* Build configuration list for PBXProject "prog6.2 fraction conversion to number" */ = {
			isa = XCConfigurationList;
			buildConfigurations = (
				8747F7491535573E001A6622 /* Debug */,
				8747F74A1535573E001A6622 /* Release */,
			);
			defaultConfigurationIsVisible = 0;
			defaultConfigurationName = Release;
		};
		8747F74B1535573E001A6622 /* Build configuration list for PBXNativeTarget "prog6.2 fraction conversion to number" */ = {
			isa = XCConfigurationList;
			buildConfigurations = (
				8747F74C1535573E001A6622 /* Debug */,
				8747F74D1535573E001A6622 /* Release */,
			);
			defaultConfigurationIsVisible = 0;
		};
/* End XCConfigurationList section */
	};
	rootObject = 8747F7331535573E001A6622 /* Project object */;
}
