// !$*UTF8*$!
{
	archiveVersion = 1;
	classes = {
	};
	objectVersion = 46;
	objects = {

/* Begin PBXBuildFile section */
		8780B00A1533BED200AB377F /* Foundation.framework in Frameworks */ = {isa = PBXBuildFile; fileRef = 8780B0091533BED200AB377F /* Foundation.framework */; };
		8780B00D1533BED200AB377F /* main.m in Sources */ = {isa = PBXBuildFile; fileRef = 8780B00C1533BED200AB377F /* main.m */; };
		8780B0111533BED200AB377F /* prog4_4.1 in CopyFiles */ = {isa = PBXBuildFile; fileRef = 8780B0101533BED200AB377F /* prog4_4.1 */; };
/* End PBXBuildFile section */

/* Begin PBXCopyFilesBuildPhase section */
		8780B0031533BED200AB377F /* CopyFiles */ = {
			isa = PBXCopyFilesBuildPhase;
			buildActionMask = 2147483647;
			dstPath = /usr/share/man/man1/;
			dstSubfolderSpec = 0;
			files = (
				8780B0111533BED200AB377F /* prog4_4.1 in CopyFiles */,
			);
			runOnlyForDeploymentPostprocessing = 1;
		};
/* End PBXCopyFilesBuildPhase section */

/* Begin PBXFileReference section */
		8780B0051533BED200AB377F /* prog4.4 */ = {isa = PBXFileReference; explicitFileType = "compiled.mach-o.executable"; includeInIndex = 0; path = prog4.4; sourceTree = BUILT_PRODUCTS_DIR; };
		8780B0091533BED200AB377F /* Foundation.framework */ = {isa = PBXFileReference; lastKnownFileType = wrapper.framework; name = Foundation.framework; path = System/Library/Frameworks/Foundation.framework; sourceTree = SDKROOT; };
		8780B00C1533BED200AB377F /* main.m */ = {isa = PBXFileReference; lastKnownFileType = sourcecode.c.objc; path = main.m; sourceTree = "<group>"; };
		8780B00F1533BED200AB377F /* prog4.4-Prefix.pch */ = {isa = PBXFileReference; lastKnownFileType = sourcecode.c.h; path = "prog4.4-Prefix.pch"; sourceTree = "<group>"; };
		8780B0101533BED200AB377F /* prog4_4.1 */ = {isa = PBXFileReference; lastKnownFileType = text.man; path = prog4_4.1; sourceTree = "<group>"; };
/* End PBXFileReference section */

/* Begin PBXFrameworksBuildPhase section */
		8780B0021533BED200AB377F /* Frameworks */ = {
			isa = PBXFrameworksBuildPhase;
			buildActionMask = 2147483647;
			files = (
				8780B00A1533BED200AB377F /* Foundation.framework in Frameworks */,
			);
			runOnlyForDeploymentPostprocessing = 0;
		};
/* End PBXFrameworksBuildPhase section */

/* Begin PBXGroup section */
		8780AFFA1533BED200AB377F = {
			isa = PBXGroup;
			children = (
				8780B00B1533BED200AB377F /* prog4.4 */,
				8780B0081533BED200AB377F /* Frameworks */,
				8780B0061533BED200AB377F /* Products */,
			);
			sourceTree = "<group>";
		};
		8780B0061533BED200AB377F /* Products */ = {
			isa = PBXGroup;
			children = (
				8780B0051533BED200AB377F /* prog4.4 */,
			);
			name = Products;
			sourceTree = "<group>";
		};
		8780B0081533BED200AB377F /* Frameworks */ = {
			isa = PBXGroup;
			children = (
				8780B0091533BED200AB377F /* Foundation.framework */,
			);
			name = Frameworks;
			sourceTree = "<group>";
		};
		8780B00B1533BED200AB377F /* prog4.4 */ = {
			isa = PBXGroup;
			children = (
				8780B00C1533BED200AB377F /* main.m */,
				8780B0101533BED200AB377F /* prog4_4.1 */,
				8780B00E1533BED200AB377F /* Supporting Files */,
			);
			path = prog4.4;
			sourceTree = "<group>";
		};
		8780B00E1533BED200AB377F /* Supporting Files */ = {
			isa = PBXGroup;
			children = (
				8780B00F1533BED200AB377F /* prog4.4-Prefix.pch */,
			);
			name = "Supporting Files";
			sourceTree = "<group>";
		};
/* End PBXGroup section */

/* Begin PBXNativeTarget section */
		8780B0041533BED200AB377F /* prog4.4 */ = {
			isa = PBXNativeTarget;
			buildConfigurationList = 8780B0141533BED200AB377F /* Build configuration list for PBXNativeTarget "prog4.4" */;
			buildPhases = (
				8780B0011533BED200AB377F /* Sources */,
				8780B0021533BED200AB377F /* Frameworks */,
				8780B0031533BED200AB377F /* CopyFiles */,
			);
			buildRules = (
			);
			dependencies = (
			);
			name = prog4.4;
			productName = prog4.4;
			productReference = 8780B0051533BED200AB377F /* prog4.4 */;
			productType = "com.apple.product-type.tool";
		};
/* End PBXNativeTarget section */

/* Begin PBXProject section */
		8780AFFC1533BED200AB377F /* Project object */ = {
			isa = PBXProject;
			attributes = {
				LastUpgradeCheck = 0430;
				ORGANIZATIONNAME = "Outright Mental";
			};
			buildConfigurationList = 8780AFFF1533BED200AB377F /* Build configuration list for PBXProject "prog4.4" */;
			compatibilityVersion = "Xcode 3.2";
			developmentRegion = English;
			hasScannedForEncodings = 0;
			knownRegions = (
				en,
			);
			mainGroup = 8780AFFA1533BED200AB377F;
			productRefGroup = 8780B0061533BED200AB377F /* Products */;
			projectDirPath = "";
			projectRoot = "";
			targets = (
				8780B0041533BED200AB377F /* prog4.4 */,
			);
		};
/* End PBXProject section */

/* Begin PBXSourcesBuildPhase section */
		8780B0011533BED200AB377F /* Sources */ = {
			isa = PBXSourcesBuildPhase;
			buildActionMask = 2147483647;
			files = (
				8780B00D1533BED200AB377F /* main.m in Sources */,
			);
			runOnlyForDeploymentPostprocessing = 0;
		};
/* End PBXSourcesBuildPhase section */

/* Begin XCBuildConfiguration section */
		8780B0121533BED200AB377F /* Debug */ = {
			isa = XCBuildConfiguration;
			buildSettings = {
				ALWAYS_SEARCH_USER_PATHS = NO;
				ARCHS = "$(ARCHS_STANDARD_64_BIT)";
				CLANG_ENABLE_OBJC_ARC = YES;
				COPY_PHASE_STRIP = NO;
				GCC_C_LANGUAGE_STANDARD = gnu99;
				GCC_DYNAMIC_NO_PIC = NO;
				GCC_ENABLE_OBJC_EXCEPTIONS = YES;
				GCC_OPTIMIZATION_LEVEL = 0;
				GCC_PREPROCESSOR_DEFINITIONS = (
					"DEBUG=1",
					"$(inherited)",
				);
				GCC_SYMBOLS_PRIVATE_EXTERN = NO;
				GCC_VERSION = com.apple.compilers.llvm.clang.1_0;
				GCC_WARN_64_TO_32_BIT_CONVERSION = YES;
				GCC_WARN_ABOUT_RETURN_TYPE = YES;
				GCC_WARN_UNINITIALIZED_AUTOS = YES;
				GCC_WARN_UNUSED_VARIABLE = YES;
				MACOSX_DEPLOYMENT_TARGET = 10.7;
				ONLY_ACTIVE_ARCH = YES;
				SDKROOT = macosx;
			};
			name = Debug;
		};
		8780B0131533BED200AB377F /* Release */ = {
			isa = XCBuildConfiguration;
			buildSettings = {
				ALWAYS_SEARCH_USER_PATHS = NO;
				ARCHS = "$(ARCHS_STANDARD_64_BIT)";
				CLANG_ENABLE_OBJC_ARC = YES;
				COPY_PHASE_STRIP = YES;
				DEBUG_INFORMATION_FORMAT = "dwarf-with-dsym";
				GCC_C_LANGUAGE_STANDARD = gnu99;
				GCC_ENABLE_OBJC_EXCEPTIONS = YES;
				GCC_VERSION = com.apple.compilers.llvm.clang.1_0;
				GCC_WARN_64_TO_32_BIT_CONVERSION = YES;
				GCC_WARN_ABOUT_RETURN_TYPE = YES;
				GCC_WARN_UNINITIALIZED_AUTOS = YES;
				GCC_WARN_UNUSED_VARIABLE = YES;
				MACOSX_DEPLOYMENT_TARGET = 10.7;
				SDKROOT = macosx;
			};
			name = Release;
		};
		8780B0151533BED200AB377F /* Debug */ = {
			isa = XCBuildConfiguration;
			buildSettings = {
				GCC_PRECOMPILE_PREFIX_HEADER = YES;
				GCC_PREFIX_HEADER = "prog4.4/prog4.4-Prefix.pch";
				PRODUCT_NAME = "$(TARGET_NAME)";
			};
			name = Debug;
		};
		8780B0161533BED200AB377F /* Release */ = {
			isa = XCBuildConfiguration;
			buildSettings = {
				GCC_PRECOMPILE_PREFIX_HEADER = YES;
				GCC_PREFIX_HEADER = "prog4.4/prog4.4-Prefix.pch";
				PRODUCT_NAME = "$(TARGET_NAME)";
			};
			name = Release;
		};
/* End XCBuildConfiguration section */

/* Begin XCConfigurationList section */
		8780AFFF1533BED200AB377F /* Build configuration list for PBXProject "prog4.4" */ = {
			isa = XCConfigurationList;
			buildConfigurations = (
				8780B0121533BED200AB377F /* Debug */,
				8780B0131533BED200AB377F /* Release */,
			);
			defaultConfigurationIsVisible = 0;
			defaultConfigurationName = Release;
		};
		8780B0141533BED200AB377F /* Build configuration list for PBXNativeTarget "prog4.4" */ = {
			isa = XCConfigurationList;
			buildConfigurations = (
				8780B0151533BED200AB377F /* Debug */,
				8780B0161533BED200AB377F /* Release */,
			);
			defaultConfigurationIsVisible = 0;
		};
/* End XCConfigurationList section */
	};
	rootObject = 8780AFFC1533BED200AB377F /* Project object */;
}
